// !$*UTF8*$!
{
	archiveVersion = 1;
	classes = {
	};
	objectVersion = 56;
	objects = {

/* Begin PBXBuildFile section */
		29E6C6E22B87212A002253BD /* CanvasEditorApp.swift in Sources */ = {isa = PBXBuildFile; fileRef = 29E6C6E12B87212A002253BD /* CanvasEditorApp.swift */; };
		29E6C6E42B87212A002253BD /* ContentView.swift in Sources */ = {isa = PBXBuildFile; fileRef = 29E6C6E32B87212A002253BD /* ContentView.swift */; };
		29E6C6E62B87212B002253BD /* Assets.xcassets in Resources */ = {isa = PBXBuildFile; fileRef = 29E6C6E52B87212B002253BD /* Assets.xcassets */; };
		29E6C6E92B87212B002253BD /* Preview Assets.xcassets in Resources */ = {isa = PBXBuildFile; fileRef = 29E6C6E82B87212B002253BD /* Preview Assets.xcassets */; };
		29E6C6F32B8721AB002253BD /* Home.swift in Sources */ = {isa = PBXBuildFile; fileRef = 29E6C6F22B8721AB002253BD /* Home.swift */; };
		29E6C6F52B872378002253BD /* Canvas.swift in Sources */ = {isa = PBXBuildFile; fileRef = 29E6C6F42B872378002253BD /* Canvas.swift */; };
		29E6C6F72B872395002253BD /* CanvasViewModel.swift in Sources */ = {isa = PBXBuildFile; fileRef = 29E6C6F62B872395002253BD /* CanvasViewModel.swift */; };
		29E6C6F92B8724D2002253BD /* StackItem.swift in Sources */ = {isa = PBXBuildFile; fileRef = 29E6C6F82B8724D2002253BD /* StackItem.swift */; };
		29E6C6FB2B87269D002253BD /* ImagePicker.swift in Sources */ = {isa = PBXBuildFile; fileRef = 29E6C6FA2B87269C002253BD /* ImagePicker.swift */; };
/* End PBXBuildFile section */

/* Begin PBXFileReference section */
		29E6C6DE2B87212A002253BD /* CanvasEditor.app */ = {isa = PBXFileReference; explicitFileType = wrapper.application; includeInIndex = 0; path = CanvasEditor.app; sourceTree = BUILT_PRODUCTS_DIR; };
		29E6C6E12B87212A002253BD /* CanvasEditorApp.swift */ = {isa = PBXFileReference; lastKnownFileType = sourcecode.swift; path = CanvasEditorApp.swift; sourceTree = "<group>"; };
		29E6C6E32B87212A002253BD /* ContentView.swift */ = {isa = PBXFileReference; lastKnownFileType = sourcecode.swift; path = ContentView.swift; sourceTree = "<group>"; };
		29E6C6E52B87212B002253BD /* Assets.xcassets */ = {isa = PBXFileReference; lastKnownFileType = folder.assetcatalog; path = Assets.xcassets; sourceTree = "<group>"; };
		29E6C6E82B87212B002253BD /* Preview Assets.xcassets */ = {isa = PBXFileReference; lastKnownFileType = folder.assetcatalog; path = "Preview Assets.xcassets"; sourceTree = "<group>"; };
		29E6C6F22B8721AB002253BD /* Home.swift */ = {isa = PBXFileReference; lastKnownFileType = sourcecode.swift; path = Home.swift; sourceTree = "<group>"; };
		29E6C6F42B872378002253BD /* Canvas.swift */ = {isa = PBXFileReference; lastKnownFileType = sourcecode.swift; path = Canvas.swift; sourceTree = "<group>"; };
		29E6C6F62B872395002253BD /* CanvasViewModel.swift */ = {isa = PBXFileReference; lastKnownFileType = sourcecode.swift; path = CanvasViewModel.swift; sourceTree = "<group>"; };
		29E6C6F82B8724D2002253BD /* StackItem.swift */ = {isa = PBXFileReference; lastKnownFileType = sourcecode.swift; path = StackItem.swift; sourceTree = "<group>"; };
		29E6C6FA2B87269C002253BD /* ImagePicker.swift */ = {isa = PBXFileReference; lastKnownFileType = sourcecode.swift; path = ImagePicker.swift; sourceTree = "<group>"; };
/* End PBXFileReference section */

/* Begin PBXFrameworksBuildPhase section */
		29E6C6DB2B87212A002253BD /* Frameworks */ = {
			isa = PBXFrameworksBuildPhase;
			buildActionMask = 2147483647;
			files = (
			);
			runOnlyForDeploymentPostprocessing = 0;
		};
/* End PBXFrameworksBuildPhase section */

/* Begin PBXGroup section */
		29E6C6D52B87212A002253BD = {
			isa = PBXGroup;
			children = (
				29E6C6E02B87212A002253BD /* CanvasEditor */,
				29E6C6DF2B87212A002253BD /* Products */,
			);
			sourceTree = "<group>";
		};
		29E6C6DF2B87212A002253BD /* Products */ = {
			isa = PBXGroup;
			children = (
				29E6C6DE2B87212A002253BD /* CanvasEditor.app */,
			);
			name = Products;
			sourceTree = "<group>";
		};
		29E6C6E02B87212A002253BD /* CanvasEditor */ = {
			isa = PBXGroup;
			children = (
				29E6C6F12B872191002253BD /* viewmodel */,
				29E6C6F02B872182002253BD /* model */,
				29E6C6EF2B872179002253BD /* view */,
				29E6C6E12B87212A002253BD /* CanvasEditorApp.swift */,
				29E6C6E32B87212A002253BD /* ContentView.swift */,
				29E6C6E52B87212B002253BD /* Assets.xcassets */,
				29E6C6E72B87212B002253BD /* Preview Content */,
			);
			path = CanvasEditor;
			sourceTree = "<group>";
		};
		29E6C6E72B87212B002253BD /* Preview Content */ = {
			isa = PBXGroup;
			children = (
				29E6C6E82B87212B002253BD /* Preview Assets.xcassets */,
			);
			path = "Preview Content";
			sourceTree = "<group>";
		};
		29E6C6EF2B872179002253BD /* view */ = {
			isa = PBXGroup;
			children = (
				29E6C6F22B8721AB002253BD /* Home.swift */,
				29E6C6F42B872378002253BD /* Canvas.swift */,
				29E6C6FA2B87269C002253BD /* ImagePicker.swift */,
			);
			path = view;
			sourceTree = "<group>";
		};
		29E6C6F02B872182002253BD /* model */ = {
			isa = PBXGroup;
			children = (
				29E6C6F82B8724D2002253BD /* StackItem.swift */,
			);
			path = model;
			sourceTree = "<group>";
		};
		29E6C6F12B872191002253BD /* viewmodel */ = {
			isa = PBXGroup;
			children = (
				29E6C6F62B872395002253BD /* CanvasViewModel.swift */,
			);
			path = viewmodel;
			sourceTree = "<group>";
		};
/* End PBXGroup section */

/* Begin PBXNativeTarget section */
		29E6C6DD2B87212A002253BD /* CanvasEditor */ = {
			isa = PBXNativeTarget;
			buildConfigurationList = 29E6C6EC2B87212B002253BD /* Build configuration list for PBXNativeTarget "CanvasEditor" */;
			buildPhases = (
				29E6C6DA2B87212A002253BD /* Sources */,
				29E6C6DB2B87212A002253BD /* Frameworks */,
				29E6C6DC2B87212A002253BD /* Resources */,
			);
			buildRules = (
			);
			dependencies = (
			);
			name = CanvasEditor;
			productName = CanvasEditor;
			productReference = 29E6C6DE2B87212A002253BD /* CanvasEditor.app */;
			productType = "com.apple.product-type.application";
		};
/* End PBXNativeTarget section */

/* Begin PBXProject section */
		29E6C6D62B87212A002253BD /* Project object */ = {
			isa = PBXProject;
			attributes = {
				BuildIndependentTargetsInParallel = 1;
				LastSwiftUpdateCheck = 1520;
				LastUpgradeCheck = 1520;
				TargetAttributes = {
					29E6C6DD2B87212A002253BD = {
						CreatedOnToolsVersion = 15.2;
					};
				};
			};
			buildConfigurationList = 29E6C6D92B87212A002253BD /* Build configuration list for PBXProject "CanvasEditor" */;
			compatibilityVersion = "Xcode 14.0";
			developmentRegion = en;
			hasScannedForEncodings = 0;
			knownRegions = (
				en,
				Base,
			);
			mainGroup = 29E6C6D52B87212A002253BD;
			productRefGroup = 29E6C6DF2B87212A002253BD /* Products */;
			projectDirPath = "";
			projectRoot = "";
			targets = (
				29E6C6DD2B87212A002253BD /* CanvasEditor */,
			);
		};
/* End PBXProject section */

/* Begin PBXResourcesBuildPhase section */
		29E6C6DC2B87212A002253BD /* Resources */ = {
			isa = PBXResourcesBuildPhase;
			buildActionMask = 2147483647;
			files = (
				29E6C6E92B87212B002253BD /* Preview Assets.xcassets in Resources */,
				29E6C6E62B87212B002253BD /* Assets.xcassets in Resources */,
			);
			runOnlyForDeploymentPostprocessing = 0;
		};
/* End PBXResourcesBuildPhase section */

/* Begin PBXSourcesBuildPhase section */
		29E6C6DA2B87212A002253BD /* Sources */ = {
			isa = PBXSourcesBuildPhase;
			buildActionMask = 2147483647;
			files = (
				29E6C6F72B872395002253BD /* CanvasViewModel.swift in Sources */,
				29E6C6F92B8724D2002253BD /* StackItem.swift in Sources */,
				29E6C6E42B87212A002253BD /* ContentView.swift in Sources */,
				29E6C6FB2B87269D002253BD /* ImagePicker.swift in Sources */,
				29E6C6F32B8721AB002253BD /* Home.swift in Sources */,
				29E6C6E22B87212A002253BD /* CanvasEditorApp.swift in Sources */,
				29E6C6F52B872378002253BD /* Canvas.swift in Sources */,
			);
			runOnlyForDeploymentPostprocessing = 0;
		};
/* End PBXSourcesBuildPhase section */

/* Begin XCBuildConfiguration section */
		29E6C6EA2B87212B002253BD /* Debug */ = {
			isa = XCBuildConfiguration;
			buildSettings = {
				ALWAYS_SEARCH_USER_PATHS = NO;
				ASSETCATALOG_COMPILER_GENERATE_SWIFT_ASSET_SYMBOL_EXTENSIONS = YES;
				CLANG_ANALYZER_NONNULL = YES;
				CLANG_ANALYZER_NUMBER_OBJECT_CONVERSION = YES_AGGRESSIVE;
				CLANG_CXX_LANGUAGE_STANDARD = "gnu++20";
				CLANG_ENABLE_MODULES = YES;
				CLANG_ENABLE_OBJC_ARC = YES;
				CLANG_ENABLE_OBJC_WEAK = YES;
				CLANG_WARN_BLOCK_CAPTURE_AUTORELEASING = YES;
				CLANG_WARN_BOOL_CONVERSION = YES;
				CLANG_WARN_COMMA = YES;
				CLANG_WARN_CONSTANT_CONVERSION = YES;
				CLANG_WARN_DEPRECATED_OBJC_IMPLEMENTATIONS = YES;
				CLANG_WARN_DIRECT_OBJC_ISA_USAGE = YES_ERROR;
				CLANG_WARN_DOCUMENTATION_COMMENTS = YES;
				CLANG_WARN_EMPTY_BODY = YES;
				CLANG_WARN_ENUM_CONVERSION = YES;
				CLANG_WARN_INFINITE_RECURSION = YES;
				CLANG_WARN_INT_CONVERSION = YES;
				CLANG_WARN_NON_LITERAL_NULL_CONVERSION = YES;
				CLANG_WARN_OBJC_IMPLICIT_RETAIN_SELF = YES;
				CLANG_WARN_OBJC_LITERAL_CONVERSION = YES;
				CLANG_WARN_OBJC_ROOT_CLASS = YES_ERROR;
				CLANG_WARN_QUOTED_INCLUDE_IN_FRAMEWORK_HEADER = YES;
				CLANG_WARN_RANGE_LOOP_ANALYSIS = YES;
				CLANG_WARN_STRICT_PROTOTYPES = YES;
				CLANG_WARN_SUSPICIOUS_MOVE = YES;
				CLANG_WARN_UNGUARDED_AVAILABILITY = YES_AGGRESSIVE;
				CLANG_WARN_UNREACHABLE_CODE = YES;
				CLANG_WARN__DUPLICATE_METHOD_MATCH = YES;
				COPY_PHASE_STRIP = NO;
				DEBUG_INFORMATION_FORMAT = dwarf;
				ENABLE_STRICT_OBJC_MSGSEND = YES;
				ENABLE_TESTABILITY = YES;
				ENABLE_USER_SCRIPT_SANDBOXING = YES;
				GCC_C_LANGUAGE_STANDARD = gnu17;
				GCC_DYNAMIC_NO_PIC = NO;
				GCC_NO_COMMON_BLOCKS = YES;
				GCC_OPTIMIZATION_LEVEL = 0;
				GCC_PREPROCESSOR_DEFINITIONS = (
					"DEBUG=1",
					"$(inherited)",
				);
				GCC_WARN_64_TO_32_BIT_CONVERSION = YES;
				GCC_WARN_ABOUT_RETURN_TYPE = YES_ERROR;
				GCC_WARN_UNDECLARED_SELECTOR = YES;
				GCC_WARN_UNINITIALIZED_AUTOS = YES_AGGRESSIVE;
				GCC_WARN_UNUSED_FUNCTION = YES;
				GCC_WARN_UNUSED_VARIABLE = YES;
				IPHONEOS_DEPLOYMENT_TARGET = 17.2;
				LOCALIZATION_PREFERS_STRING_CATALOGS = YES;
				MTL_ENABLE_DEBUG_INFO = INCLUDE_SOURCE;
				MTL_FAST_MATH = YES;
				ONLY_ACTIVE_ARCH = YES;
				SDKROOT = iphoneos;
				SWIFT_ACTIVE_COMPILATION_CONDITIONS = "DEBUG $(inherited)";
				SWIFT_OPTIMIZATION_LEVEL = "-Onone";
			};
			name = Debug;
		};
		29E6C6EB2B87212B002253BD /* Release */ = {
			isa = XCBuildConfiguration;
			buildSettings = {
				ALWAYS_SEARCH_USER_PATHS = NO;
				ASSETCATALOG_COMPILER_GENERATE_SWIFT_ASSET_SYMBOL_EXTENSIONS = YES;
				CLANG_ANALYZER_NONNULL = YES;
				CLANG_ANALYZER_NUMBER_OBJECT_CONVERSION = YES_AGGRESSIVE;
				CLANG_CXX_LANGUAGE_STANDARD = "gnu++20";
				CLANG_ENABLE_MODULES = YES;
				CLANG_ENABLE_OBJC_ARC = YES;
				CLANG_ENABLE_OBJC_WEAK = YES;
				CLANG_WARN_BLOCK_CAPTURE_AUTORELEASING = YES;
				CLANG_WARN_BOOL_CONVERSION = YES;
				CLANG_WARN_COMMA = YES;
				CLANG_WARN_CONSTANT_CONVERSION = YES;
				CLANG_WARN_DEPRECATED_OBJC_IMPLEMENTATIONS = YES;
				CLANG_WARN_DIRECT_OBJC_ISA_USAGE = YES_ERROR;
				CLANG_WARN_DOCUMENTATION_COMMENTS = YES;
				CLANG_WARN_EMPTY_BODY = YES;
				CLANG_WARN_ENUM_CONVERSION = YES;
				CLANG_WARN_INFINITE_RECURSION = YES;
				CLANG_WARN_INT_CONVERSION = YES;
				CLANG_WARN_NON_LITERAL_NULL_CONVERSION = YES;
				CLANG_WARN_OBJC_IMPLICIT_RETAIN_SELF = YES;
				CLANG_WARN_OBJC_LITERAL_CONVERSION = YES;
				CLANG_WARN_OBJC_ROOT_CLASS = YES_ERROR;
				CLANG_WARN_QUOTED_INCLUDE_IN_FRAMEWORK_HEADER = YES;
				CLANG_WARN_RANGE_LOOP_ANALYSIS = YES;
				CLANG_WARN_STRICT_PROTOTYPES = YES;
				CLANG_WARN_SUSPICIOUS_MOVE = YES;
				CLANG_WARN_UNGUARDED_AVAILABILITY = YES_AGGRESSIVE;
				CLANG_WARN_UNREACHABLE_CODE = YES;
				CLANG_WARN__DUPLICATE_METHOD_MATCH = YES;
				COPY_PHASE_STRIP = NO;
				DEBUG_INFORMATION_FORMAT = "dwarf-with-dsym";
				ENABLE_NS_ASSERTIONS = NO;
				ENABLE_STRICT_OBJC_MSGSEND = YES;
				ENABLE_USER_SCRIPT_SANDBOXING = YES;
				GCC_C_LANGUAGE_STANDARD = gnu17;
				GCC_NO_COMMON_BLOCKS = YES;
				GCC_WARN_64_TO_32_BIT_CONVERSION = YES;
				GCC_WARN_ABOUT_RETURN_TYPE = YES_ERROR;
				GCC_WARN_UNDECLARED_SELECTOR = YES;
				GCC_WARN_UNINITIALIZED_AUTOS = YES_AGGRESSIVE;
				GCC_WARN_UNUSED_FUNCTION = YES;
				GCC_WARN_UNUSED_VARIABLE = YES;
				IPHONEOS_DEPLOYMENT_TARGET = 17.2;
				LOCALIZATION_PREFERS_STRING_CATALOGS = YES;
				MTL_ENABLE_DEBUG_INFO = NO;
				MTL_FAST_MATH = YES;
				SDKROOT = iphoneos;
				SWIFT_COMPILATION_MODE = wholemodule;
				VALIDATE_PRODUCT = YES;
			};
			name = Release;
		};
		29E6C6ED2B87212B002253BD /* Debug */ = {
			isa = XCBuildConfiguration;
			buildSettings = {
				ASSETCATALOG_COMPILER_APPICON_NAME = AppIcon;
				ASSETCATALOG_COMPILER_GLOBAL_ACCENT_COLOR_NAME = AccentColor;
				CODE_SIGN_STYLE = Automatic;
				CURRENT_PROJECT_VERSION = 1;
				DEVELOPMENT_ASSET_PATHS = "\"CanvasEditor/Preview Content\"";
				DEVELOPMENT_TEAM = DUVFS49HX7;
				ENABLE_PREVIEWS = YES;
				GENERATE_INFOPLIST_FILE = YES;
				INFOPLIST_KEY_UIApplicationSceneManifest_Generation = YES;
				INFOPLIST_KEY_UIApplicationSupportsIndirectInputEvents = YES;
				INFOPLIST_KEY_UILaunchScreen_Generation = YES;
				INFOPLIST_KEY_UISupportedInterfaceOrientations_iPad = "UIInterfaceOrientationPortrait UIInterfaceOrientationPortraitUpsideDown UIInterfaceOrientationLandscapeLeft UIInterfaceOrientationLandscapeRight";
				INFOPLIST_KEY_UISupportedInterfaceOrientations_iPhone = "UIInterfaceOrientationPortrait UIInterfaceOrientationLandscapeLeft UIInterfaceOrientationLandscapeRight";
				LD_RUNPATH_SEARCH_PATHS = (
					"$(inherited)",
					"@executable_path/Frameworks",
				);
				MARKETING_VERSION = 1.0;
				PRODUCT_BUNDLE_IDENTIFIER = com.rishish.CanvasEditor;
				PRODUCT_NAME = "$(TARGET_NAME)";
				SWIFT_EMIT_LOC_STRINGS = YES;
				SWIFT_VERSION = 5.0;
				TARGETED_DEVICE_FAMILY = "1,2";
			};
			name = Debug;
		};
		29E6C6EE2B87212B002253BD /* Release */ = {
			isa = XCBuildConfiguration;
			buildSettings = {
				ASSETCATALOG_COMPILER_APPICON_NAME = AppIcon;
				ASSETCATALOG_COMPILER_GLOBAL_ACCENT_COLOR_NAME = AccentColor;
				CODE_SIGN_STYLE = Automatic;
				CURRENT_PROJECT_VERSION = 1;
				DEVELOPMENT_ASSET_PATHS = "\"CanvasEditor/Preview Content\"";
				DEVELOPMENT_TEAM = DUVFS49HX7;
				ENABLE_PREVIEWS = YES;
				GENERATE_INFOPLIST_FILE = YES;
				INFOPLIST_KEY_UIApplicationSceneManifest_Generation = YES;
				INFOPLIST_KEY_UIApplicationSupportsIndirectInputEvents = YES;
				INFOPLIST_KEY_UILaunchScreen_Generation = YES;
				INFOPLIST_KEY_UISupportedInterfaceOrientations_iPad = "UIInterfaceOrientationPortrait UIInterfaceOrientationPortraitUpsideDown UIInterfaceOrientationLandscapeLeft UIInterfaceOrientationLandscapeRight";
				INFOPLIST_KEY_UISupportedInterfaceOrientations_iPhone = "UIInterfaceOrientationPortrait UIInterfaceOrientationLandscapeLeft UIInterfaceOrientationLandscapeRight";
				LD_RUNPATH_SEARCH_PATHS = (
					"$(inherited)",
					"@executable_path/Frameworks",
				);
				MARKETING_VERSION = 1.0;
				PRODUCT_BUNDLE_IDENTIFIER = com.rishish.CanvasEditor;
				PRODUCT_NAME = "$(TARGET_NAME)";
				SWIFT_EMIT_LOC_STRINGS = YES;
				SWIFT_VERSION = 5.0;
				TARGETED_DEVICE_FAMILY = "1,2";
			};
			name = Release;
		};
/* End XCBuildConfiguration section */

/* Begin XCConfigurationList section */
		29E6C6D92B87212A002253BD /* Build configuration list for PBXProject "CanvasEditor" */ = {
			isa = XCConfigurationList;
			buildConfigurations = (
				29E6C6EA2B87212B002253BD /* Debug */,
				29E6C6EB2B87212B002253BD /* Release */,
			);
			defaultConfigurationIsVisible = 0;
			defaultConfigurationName = Release;
		};
		29E6C6EC2B87212B002253BD /* Build configuration list for PBXNativeTarget "CanvasEditor" */ = {
			isa = XCConfigurationList;
			buildConfigurations = (
				29E6C6ED2B87212B002253BD /* Debug */,
				29E6C6EE2B87212B002253BD /* Release */,
			);
			defaultConfigurationIsVisible = 0;
			defaultConfigurationName = Release;
		};
/* End XCConfigurationList section */
	};
	rootObject = 29E6C6D62B87212A002253BD /* Project object */;
}
